
Microsoft Visual Studio Solution File, Format Version 12.00
# Visual Studio Version 17
VisualStudioVersion = 17.2.32630.192
MinimumVisualStudioVersion = 10.0.40219.1
Project("{FAE04EC0-301F-11D3-BF4B-00C04F79EFBC}") = "Banking_API", "Banking_API\Banking_API.csproj", "{FADB1911-5FE0-4D9E-815B-4A4A39FCDBBC}"
EndProject
Global
	GlobalSection(SolutionConfigurationPlatforms) = preSolution
		Debug|Any CPU = Debug|Any CPU
		Release|Any CPU = Release|Any CPU
	EndGlobalSection
	GlobalSection(ProjectConfigurationPlatforms) = postSolution
		{FADB1911-5FE0-4D9E-815B-4A4A39FCDBBC}.Debug|Any CPU.ActiveCfg = Debug|Any CPU
		{FADB1911-5FE0-4D9E-815B-4A4A39FCDBBC}.Debug|Any CPU.Build.0 = Debug|Any CPU
		{FADB1911-5FE0-4D9E-815B-4A4A39FCDBBC}.Release|Any CPU.ActiveCfg = Release|Any CPU
		{FADB1911-5FE0-4D9E-815B-4A4A39FCDBBC}.Release|Any CPU.Build.0 = Release|Any CPU
	EndGlobalSection
	GlobalSection(SolutionProperties) = preSolution
		HideSolutionNode = FALSE
	EndGlobalSection
	GlobalSection(ExtensibilityGlobals) = postSolution
		SolutionGuid = {A2127D58-A2EC-414D-9222-2BF2D6B24E53}
	EndGlobalSection
EndGlobal
